
Microsoft Visual Studio Solution File, Format Version 9.00
# Visual Studio 2005
Project("{FAE04EC0-301F-11D3-BF4B-00C04F79EFBC}") = "RutherfordScatteringLib", "RutherfordScatteringLib\RutherfordScatteringLib.csproj", "{76D26049-0863-4F79-B561-C2075E2E5C9A}"
EndProject
Global
	GlobalSection(SolutionConfigurationPlatforms) = preSolution
		Debug|Any CPU = Debug|Any CPU
		Debug|x86 = Debug|x86
		Release|Any CPU = Release|Any CPU
		Release|x86 = Release|x86
	EndGlobalSection
	GlobalSection(ProjectConfigurationPlatforms) = postSolution
		{76D26049-0863-4F79-B561-C2075E2E5C9A}.Debug|Any CPU.ActiveCfg = Debug|Any CPU
		{76D26049-0863-4F79-B561-C2075E2E5C9A}.Debug|Any CPU.Build.0 = Debug|Any CPU
		{76D26049-0863-4F79-B561-C2075E2E5C9A}.Debug|x86.ActiveCfg = Debug|Any CPU
		{76D26049-0863-4F79-B561-C2075E2E5C9A}.Release|Any CPU.ActiveCfg = Release|Any CPU
		{76D26049-0863-4F79-B561-C2075E2E5C9A}.Release|Any CPU.Build.0 = Release|Any CPU
		{76D26049-0863-4F79-B561-C2075E2E5C9A}.Release|x86.ActiveCfg = Release|Any CPU
	EndGlobalSection
	GlobalSection(SolutionProperties) = preSolution
		HideSolutionNode = FALSE
	EndGlobalSection
EndGlobal
