
Microsoft Visual Studio Solution File, Format Version 9.00
# Visual Studio 2005
Project("{FAE04EC0-301F-11D3-BF4B-00C04F79EFBC}") = "particles-env", "particles-env\particles-env.csproj", "{6853F418-6022-4EEF-AD4A-FA1F49B749B4}"
EndProject
Project("{FAE04EC0-301F-11D3-BF4B-00C04F79EFBC}") = "ParameterList", "ParameterList\ParameterList.csproj", "{6EC46DBD-33ED-4700-8C65-4CC8748B3F66}"
EndProject
Project("{FAE04EC0-301F-11D3-BF4B-00C04F79EFBC}") = "Expirement", "Expirement\Expirement.csproj", "{FC832FC8-E194-4875-97E9-7A88FAEF9A02}"
EndProject
Project("{FAE04EC0-301F-11D3-BF4B-00C04F79EFBC}") = "ObjectGraphics", "ObjectGraphics\ObjectGraphics\ObjectGraphics.csproj", "{AB10C965-E32A-46B8-8BF7-674705A192AE}"
EndProject
Global
	GlobalSection(SubversionScc) = preSolution
		Svn-Managed = True
		Manager = AnkhSVN - Subversion Support for Visual Studio
	EndGlobalSection
	GlobalSection(SolutionConfigurationPlatforms) = preSolution
		Debug|Any CPU = Debug|Any CPU
		Release|Any CPU = Release|Any CPU
	EndGlobalSection
	GlobalSection(ProjectConfigurationPlatforms) = postSolution
		{6853F418-6022-4EEF-AD4A-FA1F49B749B4}.Debug|Any CPU.ActiveCfg = Debug|Any CPU
		{6853F418-6022-4EEF-AD4A-FA1F49B749B4}.Debug|Any CPU.Build.0 = Debug|Any CPU
		{6853F418-6022-4EEF-AD4A-FA1F49B749B4}.Release|Any CPU.ActiveCfg = Release|Any CPU
		{6853F418-6022-4EEF-AD4A-FA1F49B749B4}.Release|Any CPU.Build.0 = Release|Any CPU
		{6EC46DBD-33ED-4700-8C65-4CC8748B3F66}.Debug|Any CPU.ActiveCfg = Debug|Any CPU
		{6EC46DBD-33ED-4700-8C65-4CC8748B3F66}.Debug|Any CPU.Build.0 = Debug|Any CPU
		{6EC46DBD-33ED-4700-8C65-4CC8748B3F66}.Release|Any CPU.ActiveCfg = Release|Any CPU
		{6EC46DBD-33ED-4700-8C65-4CC8748B3F66}.Release|Any CPU.Build.0 = Release|Any CPU
		{FC832FC8-E194-4875-97E9-7A88FAEF9A02}.Debug|Any CPU.ActiveCfg = Debug|Any CPU
		{FC832FC8-E194-4875-97E9-7A88FAEF9A02}.Debug|Any CPU.Build.0 = Debug|Any CPU
		{FC832FC8-E194-4875-97E9-7A88FAEF9A02}.Release|Any CPU.ActiveCfg = Release|Any CPU
		{FC832FC8-E194-4875-97E9-7A88FAEF9A02}.Release|Any CPU.Build.0 = Release|Any CPU
		{AB10C965-E32A-46B8-8BF7-674705A192AE}.Debug|Any CPU.ActiveCfg = Debug|Any CPU
		{AB10C965-E32A-46B8-8BF7-674705A192AE}.Debug|Any CPU.Build.0 = Debug|Any CPU
		{AB10C965-E32A-46B8-8BF7-674705A192AE}.Release|Any CPU.ActiveCfg = Release|Any CPU
		{AB10C965-E32A-46B8-8BF7-674705A192AE}.Release|Any CPU.Build.0 = Release|Any CPU
	EndGlobalSection
	GlobalSection(SolutionProperties) = preSolution
		HideSolutionNode = FALSE
	EndGlobalSection
EndGlobal
