
Microsoft Visual Studio Solution File, Format Version 9.00
# Visual Studio 2005
Project("{FAE04EC0-301F-11D3-BF4B-00C04F79EFBC}") = "particles-env", "particles-env\particles-env.csproj", "{6853F418-6022-4EEF-AD4A-FA1F49B749B4}"
EndProject
Project("{FAE04EC0-301F-11D3-BF4B-00C04F79EFBC}") = "MDK", "MDK\MDK.csproj", "{2AD78AA5-9286-4195-9F52-0FECC5019690}"
EndProject
Global
	GlobalSection(SolutionConfigurationPlatforms) = preSolution
		Debug|Any CPU = Debug|Any CPU
		Release|Any CPU = Release|Any CPU
	EndGlobalSection
	GlobalSection(ProjectConfigurationPlatforms) = postSolution
		{6853F418-6022-4EEF-AD4A-FA1F49B749B4}.Debug|Any CPU.ActiveCfg = Debug|Any CPU
		{6853F418-6022-4EEF-AD4A-FA1F49B749B4}.Debug|Any CPU.Build.0 = Debug|Any CPU
		{6853F418-6022-4EEF-AD4A-FA1F49B749B4}.Release|Any CPU.ActiveCfg = Release|Any CPU
		{6853F418-6022-4EEF-AD4A-FA1F49B749B4}.Release|Any CPU.Build.0 = Release|Any CPU
		{2AD78AA5-9286-4195-9F52-0FECC5019690}.Debug|Any CPU.ActiveCfg = Debug|Any CPU
		{2AD78AA5-9286-4195-9F52-0FECC5019690}.Debug|Any CPU.Build.0 = Debug|Any CPU
		{2AD78AA5-9286-4195-9F52-0FECC5019690}.Release|Any CPU.ActiveCfg = Release|Any CPU
		{2AD78AA5-9286-4195-9F52-0FECC5019690}.Release|Any CPU.Build.0 = Release|Any CPU
	EndGlobalSection
	GlobalSection(SolutionProperties) = preSolution
		HideSolutionNode = FALSE
	EndGlobalSection
EndGlobal
